
Microsoft Visual Studio Solution File, Format Version 12.00
# Visual Studio 2012
Project("{FAE04EC0-301F-11D3-BF4B-00C04F79EFBC}") = "FormaPractica", "FormaPractica\FormaPractica.csproj", "{4DE0EE8D-AC23-413E-9A47-7B78109566EC}"
EndProject
Global
	GlobalSection(SolutionConfigurationPlatforms) = preSolution
		Debug|Any CPU = Debug|Any CPU
		Release|Any CPU = Release|Any CPU
	EndGlobalSection
	GlobalSection(ProjectConfigurationPlatforms) = postSolution
		{4DE0EE8D-AC23-413E-9A47-7B78109566EC}.Debug|Any CPU.ActiveCfg = Debug|Any CPU
		{4DE0EE8D-AC23-413E-9A47-7B78109566EC}.Debug|Any CPU.Build.0 = Debug|Any CPU
		{4DE0EE8D-AC23-413E-9A47-7B78109566EC}.Release|Any CPU.ActiveCfg = Release|Any CPU
		{4DE0EE8D-AC23-413E-9A47-7B78109566EC}.Release|Any CPU.Build.0 = Release|Any CPU
	EndGlobalSection
	GlobalSection(SolutionProperties) = preSolution
		HideSolutionNode = FALSE
	EndGlobalSection
EndGlobal
